
Microsoft Visual Studio Solution File, Format Version 12.00
# Visual Studio Version 17
VisualStudioVersion = 17.14.36414.22
MinimumVisualStudioVersion = 10.0.40219.1
Project("{FAE04EC0-301F-11D3-BF4B-00C04F79EFBC}") = "Comp_584_Server", "Comp_584_Server\Comp_584_Server.csproj", "{816BE944-9F60-445A-A15F-B95F8209704D}"
EndProject
Project("{FAE04EC0-301F-11D3-BF4B-00C04F79EFBC}") = "WorldModel", "WorldModel\WorldModel.csproj", "{D3805AA3-5F55-423F-8B5B-434DF0F3BCB2}"
EndProject
Global
	GlobalSection(SolutionConfigurationPlatforms) = preSolution
		Debug|Any CPU = Debug|Any CPU
		Release|Any CPU = Release|Any CPU
	EndGlobalSection
	GlobalSection(ProjectConfigurationPlatforms) = postSolution
		{816BE944-9F60-445A-A15F-B95F8209704D}.Debug|Any CPU.ActiveCfg = Debug|Any CPU
		{816BE944-9F60-445A-A15F-B95F8209704D}.Debug|Any CPU.Build.0 = Debug|Any CPU
		{816BE944-9F60-445A-A15F-B95F8209704D}.Release|Any CPU.ActiveCfg = Release|Any CPU
		{816BE944-9F60-445A-A15F-B95F8209704D}.Release|Any CPU.Build.0 = Release|Any CPU
		{D3805AA3-5F55-423F-8B5B-434DF0F3BCB2}.Debug|Any CPU.ActiveCfg = Debug|Any CPU
		{D3805AA3-5F55-423F-8B5B-434DF0F3BCB2}.Debug|Any CPU.Build.0 = Debug|Any CPU
		{D3805AA3-5F55-423F-8B5B-434DF0F3BCB2}.Release|Any CPU.ActiveCfg = Release|Any CPU
		{D3805AA3-5F55-423F-8B5B-434DF0F3BCB2}.Release|Any CPU.Build.0 = Release|Any CPU
	EndGlobalSection
	GlobalSection(SolutionProperties) = preSolution
		HideSolutionNode = FALSE
	EndGlobalSection
	GlobalSection(ExtensibilityGlobals) = postSolution
		SolutionGuid = {474AF521-320D-495C-A9B7-C6889FF2DBFE}
	EndGlobalSection
EndGlobal
